PODS:
  - cs_monero_flutter_libs (0.0.1):
    - FlutterMacOS
  - FlutterMacOS (1.0.0)
  - path_provider_foundation (0.0.1):
    - Flutter
    - FlutterMacOS
  - stack_wallet_backup (0.0.1):
    - FlutterMacOS

DEPENDENCIES:
  - cs_monero_flutter_libs (from `Flutter/ephemeral/.symlinks/plugins/cs_monero_flutter_libs/macos`)
  - FlutterMacOS (from `Flutter/ephemeral`)
  - path_provider_foundation (from `Flutter/ephemeral/.symlinks/plugins/path_provider_foundation/darwin`)
  - stack_wallet_backup (from `Flutter/ephemeral/.symlinks/plugins/stack_wallet_backup/macos`)

EXTERNAL SOURCES:
  cs_monero_flutter_libs:
    :path: Flutter/ephemeral/.symlinks/plugins/cs_monero_flutter_libs/macos
  FlutterMacOS:
    :path: Flutter/ephemeral
  path_provider_foundation:
    :path: Flutter/ephemeral/.symlinks/plugins/path_provider_foundation/darwin
  stack_wallet_backup:
    :path: Flutter/ephemeral/.symlinks/plugins/stack_wallet_backup/macos

SPEC CHECKSUMS:
  cs_monero_flutter_libs: e91a436103857259f5855cad4971301a5a29b38d
  FlutterMacOS: 8f6f14fa908a6fb3fba0cd85dbd81ec4b251fb24
  path_provider_foundation: 2b6b4c569c0fb62ec74538f866245ac84301af46
  stack_wallet_backup: 6ebc60b1bdcf11cf1f1cbad9aa78332e1e15778c

PODFILE CHECKSUM: 236401fc2c932af29a9fcf0e97baeeb2d750d367

COCOAPODS: 1.15.2
